
Microsoft Visual Studio Solution File, Format Version 12.00
# Visual Studio 2012
Project("{FAE04EC0-301F-11D3-BF4B-00C04F79EFBC}") = "Airliner", "Airliner\Airliner.csproj", "{61FE71C9-B3E9-4C9B-8DAC-BFBF772129B5}"
EndProject
Project("{FAE04EC0-301F-11D3-BF4B-00C04F79EFBC}") = "UnitTestProject", "UnitTestProject\UnitTestProject.csproj", "{A590588C-FB74-4DED-A8CE-FF34CB11EC72}"
EndProject
Global
	GlobalSection(SolutionConfigurationPlatforms) = preSolution
		Debug|Any CPU = Debug|Any CPU
		Release|Any CPU = Release|Any CPU
	EndGlobalSection
	GlobalSection(ProjectConfigurationPlatforms) = postSolution
		{61FE71C9-B3E9-4C9B-8DAC-BFBF772129B5}.Debug|Any CPU.ActiveCfg = Debug|Any CPU
		{61FE71C9-B3E9-4C9B-8DAC-BFBF772129B5}.Debug|Any CPU.Build.0 = Debug|Any CPU
		{61FE71C9-B3E9-4C9B-8DAC-BFBF772129B5}.Release|Any CPU.ActiveCfg = Release|Any CPU
		{61FE71C9-B3E9-4C9B-8DAC-BFBF772129B5}.Release|Any CPU.Build.0 = Release|Any CPU
		{A590588C-FB74-4DED-A8CE-FF34CB11EC72}.Debug|Any CPU.ActiveCfg = Debug|Any CPU
		{A590588C-FB74-4DED-A8CE-FF34CB11EC72}.Debug|Any CPU.Build.0 = Debug|Any CPU
		{A590588C-FB74-4DED-A8CE-FF34CB11EC72}.Release|Any CPU.ActiveCfg = Release|Any CPU
		{A590588C-FB74-4DED-A8CE-FF34CB11EC72}.Release|Any CPU.Build.0 = Release|Any CPU
	EndGlobalSection
	GlobalSection(SolutionProperties) = preSolution
		HideSolutionNode = FALSE
	EndGlobalSection
EndGlobal
